
Microsoft Visual Studio Solution File, Format Version 12.00
# Visual Studio Version 16
VisualStudioVersion = 16.0.29509.3
MinimumVisualStudioVersion = 10.0.40219.1
Project("{FAE04EC0-301F-11D3-BF4B-00C04F79EFBC}") = "BTVN11", "BTVN11.csproj", "{EABB4233-2BA0-40B5-8A35-B2305EF2D5BC}"
EndProject
Global
	GlobalSection(SolutionConfigurationPlatforms) = preSolution
		Debug|Any CPU = Debug|Any CPU
		Release|Any CPU = Release|Any CPU
	EndGlobalSection
	GlobalSection(ProjectConfigurationPlatforms) = postSolution
		{EABB4233-2BA0-40B5-8A35-B2305EF2D5BC}.Debug|Any CPU.ActiveCfg = Debug|Any CPU
		{EABB4233-2BA0-40B5-8A35-B2305EF2D5BC}.Debug|Any CPU.Build.0 = Debug|Any CPU
		{EABB4233-2BA0-40B5-8A35-B2305EF2D5BC}.Release|Any CPU.ActiveCfg = Release|Any CPU
		{EABB4233-2BA0-40B5-8A35-B2305EF2D5BC}.Release|Any CPU.Build.0 = Release|Any CPU
	EndGlobalSection
	GlobalSection(SolutionProperties) = preSolution
		HideSolutionNode = FALSE
	EndGlobalSection
	GlobalSection(ExtensibilityGlobals) = postSolution
		SolutionGuid = {8FAEE100-9854-4AD1-AD70-435D779F0360}
	EndGlobalSection
EndGlobal
